
Microsoft Visual Studio Solution File, Format Version 12.00
# Visual Studio Version 17
VisualStudioVersion = 17.7.34031.279
MinimumVisualStudioVersion = 10.0.40219.1
Project("{FAE04EC0-301F-11D3-BF4B-00C04F79EFBC}") = "MvcMovie", "MvcMovie.csproj", "{151B3FA7-F461-458D-8D7C-1DCE990D533C}"
EndProject
Global
	GlobalSection(SolutionConfigurationPlatforms) = preSolution
		Debug|Any CPU = Debug|Any CPU
		Release|Any CPU = Release|Any CPU
	EndGlobalSection
	GlobalSection(ProjectConfigurationPlatforms) = postSolution
		{151B3FA7-F461-458D-8D7C-1DCE990D533C}.Debug|Any CPU.ActiveCfg = Debug|Any CPU
		{151B3FA7-F461-458D-8D7C-1DCE990D533C}.Debug|Any CPU.Build.0 = Debug|Any CPU
		{151B3FA7-F461-458D-8D7C-1DCE990D533C}.Release|Any CPU.ActiveCfg = Release|Any CPU
		{151B3FA7-F461-458D-8D7C-1DCE990D533C}.Release|Any CPU.Build.0 = Release|Any CPU
	EndGlobalSection
	GlobalSection(SolutionProperties) = preSolution
		HideSolutionNode = FALSE
	EndGlobalSection
	GlobalSection(ExtensibilityGlobals) = postSolution
		SolutionGuid = {496CB5CC-E763-4807-98FC-ADDF0CCFC8CA}
	EndGlobalSection
EndGlobal
